
Microsoft Visual Studio Solution File, Format Version 12.00
# Visual Studio Version 17
VisualStudioVersion = 17.0.31903.59
MinimumVisualStudioVersion = 10.0.40219.1
Project("{9A19103F-16F7-4668-BE54-9A1E7A4F7556}") = "Task2", "Practice1\Task2\Task2.csproj", "{2FC243BE-7CD8-4D6E-B6F8-C3E2DB185EAC}"
EndProject
Project("{9A19103F-16F7-4668-BE54-9A1E7A4F7556}") = "Task1", "Practice1\Task1\Task1.csproj", "{A8A4622E-31EB-43E6-9138-38F9A99CA54B}"
EndProject
Project("{9A19103F-16F7-4668-BE54-9A1E7A4F7556}") = "Task3", "Practice1\Task3\Task3.csproj", "{BA5D8321-FBDD-4C5C-BF62-EAA508CA3117}"
EndProject
Project("{9A19103F-16F7-4668-BE54-9A1E7A4F7556}") = "Task4", "Practice1\Task4\Task4.csproj", "{2C7BEA4E-9EC1-4B84-A349-98CB3BD6C44A}"
EndProject
Project("{9A19103F-16F7-4668-BE54-9A1E7A4F7556}") = "Task5", "Practice1\Task5\Task5.csproj", "{C4CEEFB8-DBEB-4892-9295-3DA40D515D10}"
EndProject
Project("{9A19103F-16F7-4668-BE54-9A1E7A4F7556}") = "Task6", "Practice1\Task6\Task6.csproj", "{37DE9360-AAF3-40FF-B68F-8CBEA87CC835}"
EndProject
Project("{2150E333-8FDC-42A3-9474-1A3956D46DE8}") = "Элементы решения", "Элементы решения", "{7D905C24-BE95-4548-80F3-FCECC9CE97E1}"
	ProjectSection(SolutionItems) = preProject
		gitignore.txt = gitignore.txt
	EndProjectSection
EndProject
Project("{9A19103F-16F7-4668-BE54-9A1E7A4F7556}") = "Task2_1", "Practice2\Task2_1\Task2_1.csproj", "{9A79F853-915B-4A76-B7A8-559C022592E7}"
EndProject
Project("{9A19103F-16F7-4668-BE54-9A1E7A4F7556}") = "Task2_2", "Practice2\Task2_2\Task2_2.csproj", "{28F962FD-C684-4934-BBAC-48DFDFE44C09}"
EndProject
Project("{9A19103F-16F7-4668-BE54-9A1E7A4F7556}") = "Task2_3", "Practice2\Task2_3\Task2_3.csproj", "{C83C5FE1-942F-42AE-8341-B1B2ED77DF95}"
EndProject
Project("{9A19103F-16F7-4668-BE54-9A1E7A4F7556}") = "Task2_4", "Practice2\Task2_4\Task2_4.csproj", "{51F432E9-4BB2-4488-B26A-33C4838CBDDF}"
EndProject
Project("{9A19103F-16F7-4668-BE54-9A1E7A4F7556}") = "Task2_5", "Practice2\Task2_5\Task2_5.csproj", "{EADD952C-455E-4D02-974F-8DAA0618CE5B}"
EndProject
Project("{9A19103F-16F7-4668-BE54-9A1E7A4F7556}") = "Task2_6", "Practice2\Task2_6\Task2_6.csproj", "{47E96ED9-7A3B-4967-B299-06135148175E}"
EndProject
Project("{FAE04EC0-301F-11D3-BF4B-00C04F79EFBC}") = "Task2_7", "Practice2\Task2_7\Task2_7.csproj", "{100F67B1-1249-4EDC-BD1C-CF251251C8F6}"
EndProject
Project("{FAE04EC0-301F-11D3-BF4B-00C04F79EFBC}") = "Task2_8", "Practice2\Task2_8\Task2_8.csproj", "{4D2862CC-36C3-4F7D-8BCD-317AA54B4F07}"
EndProject
Project("{FAE04EC0-301F-11D3-BF4B-00C04F79EFBC}") = "Task2_9", "Practice2\Task2_9\Task2_9.csproj", "{4AA3F4C1-FE3B-42F6-80C5-E624477AFD95}"
EndProject
Project("{FAE04EC0-301F-11D3-BF4B-00C04F79EFBC}") = "Task2_10", "Practice2\Task2_10\Task2_10.csproj", "{CFA9F7A4-C16D-45B2-A110-AA0D26C44EEB}"
EndProject
Project("{FAE04EC0-301F-11D3-BF4B-00C04F79EFBC}") = "Task2_11", "Practice2\Task2_11\Task2_11.csproj", "{4C0BB2CC-C086-4156-8593-A52474051CA6}"
EndProject
Project("{FAE04EC0-301F-11D3-BF4B-00C04F79EFBC}") = "Task2_12", "Practice2\Task2_12\Task2_12.csproj", "{E8AF92D5-E92E-4780-8DE8-CDD9CF7B15F0}"
EndProject
Project("{FAE04EC0-301F-11D3-BF4B-00C04F79EFBC}") = "Task2_13", "Practice2\Task2_13\Task2_13.csproj", "{9617A13F-8F8E-421B-BBCD-E42EB5E1579D}"
EndProject
Project("{FAE04EC0-301F-11D3-BF4B-00C04F79EFBC}") = "Task2_14", "Practice2\Task2_14\Task2_14.csproj", "{04999CF2-7E96-4C4E-835E-09F49CFCA52B}"
EndProject
Project("{FAE04EC0-301F-11D3-BF4B-00C04F79EFBC}") = "Task2_15", "Practice2\Task2_15\Task2_15.csproj", "{D96725FC-E888-4E3A-837F-C8CDE01D6EC3}"
EndProject
Project("{FAE04EC0-301F-11D3-BF4B-00C04F79EFBC}") = "Task2_16", "Practice2\Task2_16\Task2_16.csproj", "{CB90B497-C836-40A1-B87E-C626503DC6A3}"
EndProject
Project("{FAE04EC0-301F-11D3-BF4B-00C04F79EFBC}") = "Task2_17", "Practice2\Task2_17\Task2_17.csproj", "{EA94221C-6BC3-4321-BDEE-3512E7A1BEC0}"
EndProject
Project("{FAE04EC0-301F-11D3-BF4B-00C04F79EFBC}") = "Task2_18", "Practice2\Task2_18\Task2_18.csproj", "{B96DD69F-D951-417D-85D0-2C704E1B52C9}"
EndProject
Project("{FAE04EC0-301F-11D3-BF4B-00C04F79EFBC}") = "Task2_19", "Practice2\Task2_19\Task2_19.csproj", "{8572D35A-28F8-4349-A440-A6CD22951348}"
EndProject
Project("{FAE04EC0-301F-11D3-BF4B-00C04F79EFBC}") = "Task2_20", "Practice2\Task2_20\Task2_20.csproj", "{E126FAF9-90E7-4B0E-A7C3-0DC86565DA9B}"
EndProject
Project("{FAE04EC0-301F-11D3-BF4B-00C04F79EFBC}") = "Task2_21", "Practice2\Task2_21\Task2_21.csproj", "{79DC63DF-2061-438B-9D25-CCD656CB8B4E}"
EndProject
Project("{FAE04EC0-301F-11D3-BF4B-00C04F79EFBC}") = "Task2_22", "Practice2\Task2_22\Task2_22.csproj", "{6735E6EF-3A46-4489-8E95-3D5FF91F16B9}"
EndProject
Project("{FAE04EC0-301F-11D3-BF4B-00C04F79EFBC}") = "Task2_23", "Practice2\Task2_23\Task2_23.csproj", "{23D912B4-43A1-4F77-82A8-8A07FF230670}"
EndProject
Project("{FAE04EC0-301F-11D3-BF4B-00C04F79EFBC}") = "Task2_24", "Practice2\Task2_24\Task2_24.csproj", "{C2C3DEEC-67F9-4692-9BB8-9FCD656A438B}"
EndProject
Project("{FAE04EC0-301F-11D3-BF4B-00C04F79EFBC}") = "Task2_25", "Practice2\Task2_25\Task2_25.csproj", "{E856348E-C93E-440F-91C1-92BF1BD0C17A}"
EndProject
Project("{FAE04EC0-301F-11D3-BF4B-00C04F79EFBC}") = "Task3_1", "Practice3\Task3_1\Task3_1.csproj", "{9A46B766-20F6-42F6-9133-D8A14D0C7FAD}"
EndProject
Project("{FAE04EC0-301F-11D3-BF4B-00C04F79EFBC}") = "Task3_2", "Practice3\Task3_2\Task3_2.csproj", "{B2C92263-7025-4FCE-A701-B39501002308}"
EndProject
Project("{FAE04EC0-301F-11D3-BF4B-00C04F79EFBC}") = "Task3_3", "Practice3\Task3_3\Task3_3.csproj", "{1F334D69-D891-4CAE-AE1A-FC48B8185B9B}"
EndProject
Project("{FAE04EC0-301F-11D3-BF4B-00C04F79EFBC}") = "Task3_4", "Practice3\Task3_4\Task3_4.csproj", "{C0B3F41B-57CC-488E-B907-7899A1BF5CCD}"
EndProject
Project("{FAE04EC0-301F-11D3-BF4B-00C04F79EFBC}") = "Task3_5", "Practice3\Task3_5\Task3_5.csproj", "{952169F4-9410-4A38-9693-5AC2B13BF04D}"
EndProject
Project("{FAE04EC0-301F-11D3-BF4B-00C04F79EFBC}") = "Task3_6", "Practice3\Task3_6\Task3_6.csproj", "{7888CC8D-B36D-480D-BB94-6D93012766DB}"
EndProject
Project("{FAE04EC0-301F-11D3-BF4B-00C04F79EFBC}") = "Task3_7", "Practice3\Task3_7\Task3_7.csproj", "{182DD9F7-50A7-4CEC-95D6-143B44581849}"
EndProject
Project("{FAE04EC0-301F-11D3-BF4B-00C04F79EFBC}") = "Task3_8", "Practice3\Task3_8\Task3_8.csproj", "{D9FE614E-3197-499A-B0EE-E58D600F9A6A}"
EndProject
Project("{FAE04EC0-301F-11D3-BF4B-00C04F79EFBC}") = "Task3_9", "Practice3\Task3_9\Task3_9.csproj", "{39C96BA4-CC83-44F3-999D-9DEEA9FF51AD}"
EndProject
Project("{FAE04EC0-301F-11D3-BF4B-00C04F79EFBC}") = "Task3_10", "Practice3\Task3_10\Task3_10.csproj", "{B32140A8-E686-4127-8807-F54B7CD4434E}"
EndProject
Project("{FAE04EC0-301F-11D3-BF4B-00C04F79EFBC}") = "Task3_11", "Practice3\Task3_11\Task3_11.csproj", "{4130BD83-4945-4AFF-B8A0-BF2EE690C37D}"
EndProject
Global
	GlobalSection(SolutionConfigurationPlatforms) = preSolution
		ChekIn|Any CPU = ChekIn|Any CPU
		Debug|Any CPU = Debug|Any CPU
		Release|Any CPU = Release|Any CPU
	EndGlobalSection
	GlobalSection(ProjectConfigurationPlatforms) = postSolution
		{2FC243BE-7CD8-4D6E-B6F8-C3E2DB185EAC}.ChekIn|Any CPU.ActiveCfg = ChekIn|Any CPU
		{2FC243BE-7CD8-4D6E-B6F8-C3E2DB185EAC}.ChekIn|Any CPU.Build.0 = ChekIn|Any CPU
		{2FC243BE-7CD8-4D6E-B6F8-C3E2DB185EAC}.Debug|Any CPU.ActiveCfg = Debug|Any CPU
		{2FC243BE-7CD8-4D6E-B6F8-C3E2DB185EAC}.Debug|Any CPU.Build.0 = Debug|Any CPU
		{2FC243BE-7CD8-4D6E-B6F8-C3E2DB185EAC}.Release|Any CPU.ActiveCfg = Release|Any CPU
		{2FC243BE-7CD8-4D6E-B6F8-C3E2DB185EAC}.Release|Any CPU.Build.0 = Release|Any CPU
		{A8A4622E-31EB-43E6-9138-38F9A99CA54B}.ChekIn|Any CPU.ActiveCfg = Debug|Any CPU
		{A8A4622E-31EB-43E6-9138-38F9A99CA54B}.ChekIn|Any CPU.Build.0 = Debug|Any CPU
		{A8A4622E-31EB-43E6-9138-38F9A99CA54B}.Debug|Any CPU.ActiveCfg = Debug|Any CPU
		{A8A4622E-31EB-43E6-9138-38F9A99CA54B}.Debug|Any CPU.Build.0 = Debug|Any CPU
		{A8A4622E-31EB-43E6-9138-38F9A99CA54B}.Release|Any CPU.ActiveCfg = Release|Any CPU
		{A8A4622E-31EB-43E6-9138-38F9A99CA54B}.Release|Any CPU.Build.0 = Release|Any CPU
		{BA5D8321-FBDD-4C5C-BF62-EAA508CA3117}.ChekIn|Any CPU.ActiveCfg = Debug|Any CPU
		{BA5D8321-FBDD-4C5C-BF62-EAA508CA3117}.ChekIn|Any CPU.Build.0 = Debug|Any CPU
		{BA5D8321-FBDD-4C5C-BF62-EAA508CA3117}.Debug|Any CPU.ActiveCfg = Debug|Any CPU
		{BA5D8321-FBDD-4C5C-BF62-EAA508CA3117}.Debug|Any CPU.Build.0 = Debug|Any CPU
		{BA5D8321-FBDD-4C5C-BF62-EAA508CA3117}.Release|Any CPU.ActiveCfg = Release|Any CPU
		{BA5D8321-FBDD-4C5C-BF62-EAA508CA3117}.Release|Any CPU.Build.0 = Release|Any CPU
		{2C7BEA4E-9EC1-4B84-A349-98CB3BD6C44A}.ChekIn|Any CPU.ActiveCfg = Debug|Any CPU
		{2C7BEA4E-9EC1-4B84-A349-98CB3BD6C44A}.ChekIn|Any CPU.Build.0 = Debug|Any CPU
		{2C7BEA4E-9EC1-4B84-A349-98CB3BD6C44A}.Debug|Any CPU.ActiveCfg = Debug|Any CPU
		{2C7BEA4E-9EC1-4B84-A349-98CB3BD6C44A}.Debug|Any CPU.Build.0 = Debug|Any CPU
		{2C7BEA4E-9EC1-4B84-A349-98CB3BD6C44A}.Release|Any CPU.ActiveCfg = Release|Any CPU
		{2C7BEA4E-9EC1-4B84-A349-98CB3BD6C44A}.Release|Any CPU.Build.0 = Release|Any CPU
		{C4CEEFB8-DBEB-4892-9295-3DA40D515D10}.ChekIn|Any CPU.ActiveCfg = Debug|Any CPU
		{C4CEEFB8-DBEB-4892-9295-3DA40D515D10}.ChekIn|Any CPU.Build.0 = Debug|Any CPU
		{C4CEEFB8-DBEB-4892-9295-3DA40D515D10}.Debug|Any CPU.ActiveCfg = Debug|Any CPU
		{C4CEEFB8-DBEB-4892-9295-3DA40D515D10}.Debug|Any CPU.Build.0 = Debug|Any CPU
		{C4CEEFB8-DBEB-4892-9295-3DA40D515D10}.Release|Any CPU.ActiveCfg = Release|Any CPU
		{C4CEEFB8-DBEB-4892-9295-3DA40D515D10}.Release|Any CPU.Build.0 = Release|Any CPU
		{37DE9360-AAF3-40FF-B68F-8CBEA87CC835}.ChekIn|Any CPU.ActiveCfg = Debug|Any CPU
		{37DE9360-AAF3-40FF-B68F-8CBEA87CC835}.ChekIn|Any CPU.Build.0 = Debug|Any CPU
		{37DE9360-AAF3-40FF-B68F-8CBEA87CC835}.Debug|Any CPU.ActiveCfg = Debug|Any CPU
		{37DE9360-AAF3-40FF-B68F-8CBEA87CC835}.Debug|Any CPU.Build.0 = Debug|Any CPU
		{37DE9360-AAF3-40FF-B68F-8CBEA87CC835}.Release|Any CPU.ActiveCfg = Release|Any CPU
		{37DE9360-AAF3-40FF-B68F-8CBEA87CC835}.Release|Any CPU.Build.0 = Release|Any CPU
		{9A79F853-915B-4A76-B7A8-559C022592E7}.ChekIn|Any CPU.ActiveCfg = Debug|Any CPU
		{9A79F853-915B-4A76-B7A8-559C022592E7}.ChekIn|Any CPU.Build.0 = Debug|Any CPU
		{9A79F853-915B-4A76-B7A8-559C022592E7}.Debug|Any CPU.ActiveCfg = Debug|Any CPU
		{9A79F853-915B-4A76-B7A8-559C022592E7}.Debug|Any CPU.Build.0 = Debug|Any CPU
		{9A79F853-915B-4A76-B7A8-559C022592E7}.Release|Any CPU.ActiveCfg = Release|Any CPU
		{9A79F853-915B-4A76-B7A8-559C022592E7}.Release|Any CPU.Build.0 = Release|Any CPU
		{28F962FD-C684-4934-BBAC-48DFDFE44C09}.ChekIn|Any CPU.ActiveCfg = Debug|Any CPU
		{28F962FD-C684-4934-BBAC-48DFDFE44C09}.ChekIn|Any CPU.Build.0 = Debug|Any CPU
		{28F962FD-C684-4934-BBAC-48DFDFE44C09}.Debug|Any CPU.ActiveCfg = Debug|Any CPU
		{28F962FD-C684-4934-BBAC-48DFDFE44C09}.Debug|Any CPU.Build.0 = Debug|Any CPU
		{28F962FD-C684-4934-BBAC-48DFDFE44C09}.Release|Any CPU.ActiveCfg = Release|Any CPU
		{28F962FD-C684-4934-BBAC-48DFDFE44C09}.Release|Any CPU.Build.0 = Release|Any CPU
		{C83C5FE1-942F-42AE-8341-B1B2ED77DF95}.ChekIn|Any CPU.ActiveCfg = Debug|Any CPU
		{C83C5FE1-942F-42AE-8341-B1B2ED77DF95}.ChekIn|Any CPU.Build.0 = Debug|Any CPU
		{C83C5FE1-942F-42AE-8341-B1B2ED77DF95}.Debug|Any CPU.ActiveCfg = Debug|Any CPU
		{C83C5FE1-942F-42AE-8341-B1B2ED77DF95}.Debug|Any CPU.Build.0 = Debug|Any CPU
		{C83C5FE1-942F-42AE-8341-B1B2ED77DF95}.Release|Any CPU.ActiveCfg = Release|Any CPU
		{C83C5FE1-942F-42AE-8341-B1B2ED77DF95}.Release|Any CPU.Build.0 = Release|Any CPU
		{51F432E9-4BB2-4488-B26A-33C4838CBDDF}.ChekIn|Any CPU.ActiveCfg = Debug|Any CPU
		{51F432E9-4BB2-4488-B26A-33C4838CBDDF}.ChekIn|Any CPU.Build.0 = Debug|Any CPU
		{51F432E9-4BB2-4488-B26A-33C4838CBDDF}.Debug|Any CPU.ActiveCfg = Debug|Any CPU
		{51F432E9-4BB2-4488-B26A-33C4838CBDDF}.Debug|Any CPU.Build.0 = Debug|Any CPU
		{51F432E9-4BB2-4488-B26A-33C4838CBDDF}.Release|Any CPU.ActiveCfg = Release|Any CPU
		{51F432E9-4BB2-4488-B26A-33C4838CBDDF}.Release|Any CPU.Build.0 = Release|Any CPU
		{EADD952C-455E-4D02-974F-8DAA0618CE5B}.ChekIn|Any CPU.ActiveCfg = Debug|Any CPU
		{EADD952C-455E-4D02-974F-8DAA0618CE5B}.ChekIn|Any CPU.Build.0 = Debug|Any CPU
		{EADD952C-455E-4D02-974F-8DAA0618CE5B}.Debug|Any CPU.ActiveCfg = Debug|Any CPU
		{EADD952C-455E-4D02-974F-8DAA0618CE5B}.Debug|Any CPU.Build.0 = Debug|Any CPU
		{EADD952C-455E-4D02-974F-8DAA0618CE5B}.Release|Any CPU.ActiveCfg = Release|Any CPU
		{EADD952C-455E-4D02-974F-8DAA0618CE5B}.Release|Any CPU.Build.0 = Release|Any CPU
		{47E96ED9-7A3B-4967-B299-06135148175E}.ChekIn|Any CPU.ActiveCfg = Debug|Any CPU
		{47E96ED9-7A3B-4967-B299-06135148175E}.ChekIn|Any CPU.Build.0 = Debug|Any CPU
		{47E96ED9-7A3B-4967-B299-06135148175E}.Debug|Any CPU.ActiveCfg = Debug|Any CPU
		{47E96ED9-7A3B-4967-B299-06135148175E}.Debug|Any CPU.Build.0 = Debug|Any CPU
		{47E96ED9-7A3B-4967-B299-06135148175E}.Release|Any CPU.ActiveCfg = Release|Any CPU
		{47E96ED9-7A3B-4967-B299-06135148175E}.Release|Any CPU.Build.0 = Release|Any CPU
		{100F67B1-1249-4EDC-BD1C-CF251251C8F6}.ChekIn|Any CPU.ActiveCfg = Debug|Any CPU
		{100F67B1-1249-4EDC-BD1C-CF251251C8F6}.ChekIn|Any CPU.Build.0 = Debug|Any CPU
		{100F67B1-1249-4EDC-BD1C-CF251251C8F6}.Debug|Any CPU.ActiveCfg = Debug|Any CPU
		{100F67B1-1249-4EDC-BD1C-CF251251C8F6}.Debug|Any CPU.Build.0 = Debug|Any CPU
		{100F67B1-1249-4EDC-BD1C-CF251251C8F6}.Release|Any CPU.ActiveCfg = Release|Any CPU
		{100F67B1-1249-4EDC-BD1C-CF251251C8F6}.Release|Any CPU.Build.0 = Release|Any CPU
		{4D2862CC-36C3-4F7D-8BCD-317AA54B4F07}.ChekIn|Any CPU.ActiveCfg = Debug|Any CPU
		{4D2862CC-36C3-4F7D-8BCD-317AA54B4F07}.ChekIn|Any CPU.Build.0 = Debug|Any CPU
		{4D2862CC-36C3-4F7D-8BCD-317AA54B4F07}.Debug|Any CPU.ActiveCfg = Debug|Any CPU
		{4D2862CC-36C3-4F7D-8BCD-317AA54B4F07}.Debug|Any CPU.Build.0 = Debug|Any CPU
		{4D2862CC-36C3-4F7D-8BCD-317AA54B4F07}.Release|Any CPU.ActiveCfg = Release|Any CPU
		{4D2862CC-36C3-4F7D-8BCD-317AA54B4F07}.Release|Any CPU.Build.0 = Release|Any CPU
		{4AA3F4C1-FE3B-42F6-80C5-E624477AFD95}.ChekIn|Any CPU.ActiveCfg = Debug|Any CPU
		{4AA3F4C1-FE3B-42F6-80C5-E624477AFD95}.ChekIn|Any CPU.Build.0 = Debug|Any CPU
		{4AA3F4C1-FE3B-42F6-80C5-E624477AFD95}.Debug|Any CPU.ActiveCfg = Debug|Any CPU
		{4AA3F4C1-FE3B-42F6-80C5-E624477AFD95}.Debug|Any CPU.Build.0 = Debug|Any CPU
		{4AA3F4C1-FE3B-42F6-80C5-E624477AFD95}.Release|Any CPU.ActiveCfg = Release|Any CPU
		{4AA3F4C1-FE3B-42F6-80C5-E624477AFD95}.Release|Any CPU.Build.0 = Release|Any CPU
		{CFA9F7A4-C16D-45B2-A110-AA0D26C44EEB}.ChekIn|Any CPU.ActiveCfg = Debug|Any CPU
		{CFA9F7A4-C16D-45B2-A110-AA0D26C44EEB}.ChekIn|Any CPU.Build.0 = Debug|Any CPU
		{CFA9F7A4-C16D-45B2-A110-AA0D26C44EEB}.Debug|Any CPU.ActiveCfg = Debug|Any CPU
		{CFA9F7A4-C16D-45B2-A110-AA0D26C44EEB}.Debug|Any CPU.Build.0 = Debug|Any CPU
		{CFA9F7A4-C16D-45B2-A110-AA0D26C44EEB}.Release|Any CPU.ActiveCfg = Release|Any CPU
		{CFA9F7A4-C16D-45B2-A110-AA0D26C44EEB}.Release|Any CPU.Build.0 = Release|Any CPU
		{4C0BB2CC-C086-4156-8593-A52474051CA6}.ChekIn|Any CPU.ActiveCfg = Debug|Any CPU
		{4C0BB2CC-C086-4156-8593-A52474051CA6}.ChekIn|Any CPU.Build.0 = Debug|Any CPU
		{4C0BB2CC-C086-4156-8593-A52474051CA6}.Debug|Any CPU.ActiveCfg = Debug|Any CPU
		{4C0BB2CC-C086-4156-8593-A52474051CA6}.Debug|Any CPU.Build.0 = Debug|Any CPU
		{4C0BB2CC-C086-4156-8593-A52474051CA6}.Release|Any CPU.ActiveCfg = Release|Any CPU
		{4C0BB2CC-C086-4156-8593-A52474051CA6}.Release|Any CPU.Build.0 = Release|Any CPU
		{E8AF92D5-E92E-4780-8DE8-CDD9CF7B15F0}.ChekIn|Any CPU.ActiveCfg = Debug|Any CPU
		{E8AF92D5-E92E-4780-8DE8-CDD9CF7B15F0}.ChekIn|Any CPU.Build.0 = Debug|Any CPU
		{E8AF92D5-E92E-4780-8DE8-CDD9CF7B15F0}.Debug|Any CPU.ActiveCfg = Debug|Any CPU
		{E8AF92D5-E92E-4780-8DE8-CDD9CF7B15F0}.Debug|Any CPU.Build.0 = Debug|Any CPU
		{E8AF92D5-E92E-4780-8DE8-CDD9CF7B15F0}.Release|Any CPU.ActiveCfg = Release|Any CPU
		{E8AF92D5-E92E-4780-8DE8-CDD9CF7B15F0}.Release|Any CPU.Build.0 = Release|Any CPU
		{9617A13F-8F8E-421B-BBCD-E42EB5E1579D}.ChekIn|Any CPU.ActiveCfg = Debug|Any CPU
		{9617A13F-8F8E-421B-BBCD-E42EB5E1579D}.ChekIn|Any CPU.Build.0 = Debug|Any CPU
		{9617A13F-8F8E-421B-BBCD-E42EB5E1579D}.Debug|Any CPU.ActiveCfg = Debug|Any CPU
		{9617A13F-8F8E-421B-BBCD-E42EB5E1579D}.Debug|Any CPU.Build.0 = Debug|Any CPU
		{9617A13F-8F8E-421B-BBCD-E42EB5E1579D}.Release|Any CPU.ActiveCfg = Release|Any CPU
		{9617A13F-8F8E-421B-BBCD-E42EB5E1579D}.Release|Any CPU.Build.0 = Release|Any CPU
		{04999CF2-7E96-4C4E-835E-09F49CFCA52B}.ChekIn|Any CPU.ActiveCfg = Debug|Any CPU
		{04999CF2-7E96-4C4E-835E-09F49CFCA52B}.ChekIn|Any CPU.Build.0 = Debug|Any CPU
		{04999CF2-7E96-4C4E-835E-09F49CFCA52B}.Debug|Any CPU.ActiveCfg = Debug|Any CPU
		{04999CF2-7E96-4C4E-835E-09F49CFCA52B}.Debug|Any CPU.Build.0 = Debug|Any CPU
		{04999CF2-7E96-4C4E-835E-09F49CFCA52B}.Release|Any CPU.ActiveCfg = Release|Any CPU
		{04999CF2-7E96-4C4E-835E-09F49CFCA52B}.Release|Any CPU.Build.0 = Release|Any CPU
		{D96725FC-E888-4E3A-837F-C8CDE01D6EC3}.ChekIn|Any CPU.ActiveCfg = Debug|Any CPU
		{D96725FC-E888-4E3A-837F-C8CDE01D6EC3}.ChekIn|Any CPU.Build.0 = Debug|Any CPU
		{D96725FC-E888-4E3A-837F-C8CDE01D6EC3}.Debug|Any CPU.ActiveCfg = Debug|Any CPU
		{D96725FC-E888-4E3A-837F-C8CDE01D6EC3}.Debug|Any CPU.Build.0 = Debug|Any CPU
		{D96725FC-E888-4E3A-837F-C8CDE01D6EC3}.Release|Any CPU.ActiveCfg = Release|Any CPU
		{D96725FC-E888-4E3A-837F-C8CDE01D6EC3}.Release|Any CPU.Build.0 = Release|Any CPU
		{CB90B497-C836-40A1-B87E-C626503DC6A3}.ChekIn|Any CPU.ActiveCfg = Debug|Any CPU
		{CB90B497-C836-40A1-B87E-C626503DC6A3}.ChekIn|Any CPU.Build.0 = Debug|Any CPU
		{CB90B497-C836-40A1-B87E-C626503DC6A3}.Debug|Any CPU.ActiveCfg = Debug|Any CPU
		{CB90B497-C836-40A1-B87E-C626503DC6A3}.Debug|Any CPU.Build.0 = Debug|Any CPU
		{CB90B497-C836-40A1-B87E-C626503DC6A3}.Release|Any CPU.ActiveCfg = Release|Any CPU
		{CB90B497-C836-40A1-B87E-C626503DC6A3}.Release|Any CPU.Build.0 = Release|Any CPU
		{EA94221C-6BC3-4321-BDEE-3512E7A1BEC0}.ChekIn|Any CPU.ActiveCfg = Debug|Any CPU
		{EA94221C-6BC3-4321-BDEE-3512E7A1BEC0}.ChekIn|Any CPU.Build.0 = Debug|Any CPU
		{EA94221C-6BC3-4321-BDEE-3512E7A1BEC0}.Debug|Any CPU.ActiveCfg = Debug|Any CPU
		{EA94221C-6BC3-4321-BDEE-3512E7A1BEC0}.Debug|Any CPU.Build.0 = Debug|Any CPU
		{EA94221C-6BC3-4321-BDEE-3512E7A1BEC0}.Release|Any CPU.ActiveCfg = Release|Any CPU
		{EA94221C-6BC3-4321-BDEE-3512E7A1BEC0}.Release|Any CPU.Build.0 = Release|Any CPU
		{B96DD69F-D951-417D-85D0-2C704E1B52C9}.ChekIn|Any CPU.ActiveCfg = Debug|Any CPU
		{B96DD69F-D951-417D-85D0-2C704E1B52C9}.ChekIn|Any CPU.Build.0 = Debug|Any CPU
		{B96DD69F-D951-417D-85D0-2C704E1B52C9}.Debug|Any CPU.ActiveCfg = Debug|Any CPU
		{B96DD69F-D951-417D-85D0-2C704E1B52C9}.Debug|Any CPU.Build.0 = Debug|Any CPU
		{B96DD69F-D951-417D-85D0-2C704E1B52C9}.Release|Any CPU.ActiveCfg = Release|Any CPU
		{B96DD69F-D951-417D-85D0-2C704E1B52C9}.Release|Any CPU.Build.0 = Release|Any CPU
		{8572D35A-28F8-4349-A440-A6CD22951348}.ChekIn|Any CPU.ActiveCfg = Debug|Any CPU
		{8572D35A-28F8-4349-A440-A6CD22951348}.ChekIn|Any CPU.Build.0 = Debug|Any CPU
		{8572D35A-28F8-4349-A440-A6CD22951348}.Debug|Any CPU.ActiveCfg = Debug|Any CPU
		{8572D35A-28F8-4349-A440-A6CD22951348}.Debug|Any CPU.Build.0 = Debug|Any CPU
		{8572D35A-28F8-4349-A440-A6CD22951348}.Release|Any CPU.ActiveCfg = Release|Any CPU
		{8572D35A-28F8-4349-A440-A6CD22951348}.Release|Any CPU.Build.0 = Release|Any CPU
		{E126FAF9-90E7-4B0E-A7C3-0DC86565DA9B}.ChekIn|Any CPU.ActiveCfg = Debug|Any CPU
		{E126FAF9-90E7-4B0E-A7C3-0DC86565DA9B}.ChekIn|Any CPU.Build.0 = Debug|Any CPU
		{E126FAF9-90E7-4B0E-A7C3-0DC86565DA9B}.Debug|Any CPU.ActiveCfg = Debug|Any CPU
		{E126FAF9-90E7-4B0E-A7C3-0DC86565DA9B}.Debug|Any CPU.Build.0 = Debug|Any CPU
		{E126FAF9-90E7-4B0E-A7C3-0DC86565DA9B}.Release|Any CPU.ActiveCfg = Release|Any CPU
		{E126FAF9-90E7-4B0E-A7C3-0DC86565DA9B}.Release|Any CPU.Build.0 = Release|Any CPU
		{79DC63DF-2061-438B-9D25-CCD656CB8B4E}.ChekIn|Any CPU.ActiveCfg = Debug|Any CPU
		{79DC63DF-2061-438B-9D25-CCD656CB8B4E}.ChekIn|Any CPU.Build.0 = Debug|Any CPU
		{79DC63DF-2061-438B-9D25-CCD656CB8B4E}.Debug|Any CPU.ActiveCfg = Debug|Any CPU
		{79DC63DF-2061-438B-9D25-CCD656CB8B4E}.Debug|Any CPU.Build.0 = Debug|Any CPU
		{79DC63DF-2061-438B-9D25-CCD656CB8B4E}.Release|Any CPU.ActiveCfg = Release|Any CPU
		{79DC63DF-2061-438B-9D25-CCD656CB8B4E}.Release|Any CPU.Build.0 = Release|Any CPU
		{6735E6EF-3A46-4489-8E95-3D5FF91F16B9}.ChekIn|Any CPU.ActiveCfg = Debug|Any CPU
		{6735E6EF-3A46-4489-8E95-3D5FF91F16B9}.ChekIn|Any CPU.Build.0 = Debug|Any CPU
		{6735E6EF-3A46-4489-8E95-3D5FF91F16B9}.Debug|Any CPU.ActiveCfg = Debug|Any CPU
		{6735E6EF-3A46-4489-8E95-3D5FF91F16B9}.Debug|Any CPU.Build.0 = Debug|Any CPU
		{6735E6EF-3A46-4489-8E95-3D5FF91F16B9}.Release|Any CPU.ActiveCfg = Release|Any CPU
		{6735E6EF-3A46-4489-8E95-3D5FF91F16B9}.Release|Any CPU.Build.0 = Release|Any CPU
		{23D912B4-43A1-4F77-82A8-8A07FF230670}.ChekIn|Any CPU.ActiveCfg = Debug|Any CPU
		{23D912B4-43A1-4F77-82A8-8A07FF230670}.ChekIn|Any CPU.Build.0 = Debug|Any CPU
		{23D912B4-43A1-4F77-82A8-8A07FF230670}.Debug|Any CPU.ActiveCfg = Debug|Any CPU
		{23D912B4-43A1-4F77-82A8-8A07FF230670}.Debug|Any CPU.Build.0 = Debug|Any CPU
		{23D912B4-43A1-4F77-82A8-8A07FF230670}.Release|Any CPU.ActiveCfg = Release|Any CPU
		{23D912B4-43A1-4F77-82A8-8A07FF230670}.Release|Any CPU.Build.0 = Release|Any CPU
		{C2C3DEEC-67F9-4692-9BB8-9FCD656A438B}.ChekIn|Any CPU.ActiveCfg = Debug|Any CPU
		{C2C3DEEC-67F9-4692-9BB8-9FCD656A438B}.ChekIn|Any CPU.Build.0 = Debug|Any CPU
		{C2C3DEEC-67F9-4692-9BB8-9FCD656A438B}.Debug|Any CPU.ActiveCfg = Debug|Any CPU
		{C2C3DEEC-67F9-4692-9BB8-9FCD656A438B}.Debug|Any CPU.Build.0 = Debug|Any CPU
		{C2C3DEEC-67F9-4692-9BB8-9FCD656A438B}.Release|Any CPU.ActiveCfg = Release|Any CPU
		{C2C3DEEC-67F9-4692-9BB8-9FCD656A438B}.Release|Any CPU.Build.0 = Release|Any CPU
		{E856348E-C93E-440F-91C1-92BF1BD0C17A}.ChekIn|Any CPU.ActiveCfg = Debug|Any CPU
		{E856348E-C93E-440F-91C1-92BF1BD0C17A}.ChekIn|Any CPU.Build.0 = Debug|Any CPU
		{E856348E-C93E-440F-91C1-92BF1BD0C17A}.Debug|Any CPU.ActiveCfg = Debug|Any CPU
		{E856348E-C93E-440F-91C1-92BF1BD0C17A}.Debug|Any CPU.Build.0 = Debug|Any CPU
		{E856348E-C93E-440F-91C1-92BF1BD0C17A}.Release|Any CPU.ActiveCfg = Release|Any CPU
		{E856348E-C93E-440F-91C1-92BF1BD0C17A}.Release|Any CPU.Build.0 = Release|Any CPU
		{9A46B766-20F6-42F6-9133-D8A14D0C7FAD}.ChekIn|Any CPU.ActiveCfg = Debug|Any CPU
		{9A46B766-20F6-42F6-9133-D8A14D0C7FAD}.ChekIn|Any CPU.Build.0 = Debug|Any CPU
		{9A46B766-20F6-42F6-9133-D8A14D0C7FAD}.Debug|Any CPU.ActiveCfg = Debug|Any CPU
		{9A46B766-20F6-42F6-9133-D8A14D0C7FAD}.Debug|Any CPU.Build.0 = Debug|Any CPU
		{9A46B766-20F6-42F6-9133-D8A14D0C7FAD}.Release|Any CPU.ActiveCfg = Release|Any CPU
		{9A46B766-20F6-42F6-9133-D8A14D0C7FAD}.Release|Any CPU.Build.0 = Release|Any CPU
		{B2C92263-7025-4FCE-A701-B39501002308}.ChekIn|Any CPU.ActiveCfg = Debug|Any CPU
		{B2C92263-7025-4FCE-A701-B39501002308}.ChekIn|Any CPU.Build.0 = Debug|Any CPU
		{B2C92263-7025-4FCE-A701-B39501002308}.Debug|Any CPU.ActiveCfg = Debug|Any CPU
		{B2C92263-7025-4FCE-A701-B39501002308}.Debug|Any CPU.Build.0 = Debug|Any CPU
		{B2C92263-7025-4FCE-A701-B39501002308}.Release|Any CPU.ActiveCfg = Release|Any CPU
		{B2C92263-7025-4FCE-A701-B39501002308}.Release|Any CPU.Build.0 = Release|Any CPU
		{1F334D69-D891-4CAE-AE1A-FC48B8185B9B}.ChekIn|Any CPU.ActiveCfg = Debug|Any CPU
		{1F334D69-D891-4CAE-AE1A-FC48B8185B9B}.ChekIn|Any CPU.Build.0 = Debug|Any CPU
		{1F334D69-D891-4CAE-AE1A-FC48B8185B9B}.Debug|Any CPU.ActiveCfg = Debug|Any CPU
		{1F334D69-D891-4CAE-AE1A-FC48B8185B9B}.Debug|Any CPU.Build.0 = Debug|Any CPU
		{1F334D69-D891-4CAE-AE1A-FC48B8185B9B}.Release|Any CPU.ActiveCfg = Release|Any CPU
		{1F334D69-D891-4CAE-AE1A-FC48B8185B9B}.Release|Any CPU.Build.0 = Release|Any CPU
		{C0B3F41B-57CC-488E-B907-7899A1BF5CCD}.ChekIn|Any CPU.ActiveCfg = Debug|Any CPU
		{C0B3F41B-57CC-488E-B907-7899A1BF5CCD}.ChekIn|Any CPU.Build.0 = Debug|Any CPU
		{C0B3F41B-57CC-488E-B907-7899A1BF5CCD}.Debug|Any CPU.ActiveCfg = Debug|Any CPU
		{C0B3F41B-57CC-488E-B907-7899A1BF5CCD}.Debug|Any CPU.Build.0 = Debug|Any CPU
		{C0B3F41B-57CC-488E-B907-7899A1BF5CCD}.Release|Any CPU.ActiveCfg = Release|Any CPU
		{C0B3F41B-57CC-488E-B907-7899A1BF5CCD}.Release|Any CPU.Build.0 = Release|Any CPU
		{952169F4-9410-4A38-9693-5AC2B13BF04D}.ChekIn|Any CPU.ActiveCfg = Debug|Any CPU
		{952169F4-9410-4A38-9693-5AC2B13BF04D}.ChekIn|Any CPU.Build.0 = Debug|Any CPU
		{952169F4-9410-4A38-9693-5AC2B13BF04D}.Debug|Any CPU.ActiveCfg = Debug|Any CPU
		{952169F4-9410-4A38-9693-5AC2B13BF04D}.Debug|Any CPU.Build.0 = Debug|Any CPU
		{952169F4-9410-4A38-9693-5AC2B13BF04D}.Release|Any CPU.ActiveCfg = Release|Any CPU
		{952169F4-9410-4A38-9693-5AC2B13BF04D}.Release|Any CPU.Build.0 = Release|Any CPU
		{7888CC8D-B36D-480D-BB94-6D93012766DB}.ChekIn|Any CPU.ActiveCfg = Debug|Any CPU
		{7888CC8D-B36D-480D-BB94-6D93012766DB}.ChekIn|Any CPU.Build.0 = Debug|Any CPU
		{7888CC8D-B36D-480D-BB94-6D93012766DB}.Debug|Any CPU.ActiveCfg = Debug|Any CPU
		{7888CC8D-B36D-480D-BB94-6D93012766DB}.Debug|Any CPU.Build.0 = Debug|Any CPU
		{7888CC8D-B36D-480D-BB94-6D93012766DB}.Release|Any CPU.ActiveCfg = Release|Any CPU
		{7888CC8D-B36D-480D-BB94-6D93012766DB}.Release|Any CPU.Build.0 = Release|Any CPU
		{182DD9F7-50A7-4CEC-95D6-143B44581849}.ChekIn|Any CPU.ActiveCfg = Debug|Any CPU
		{182DD9F7-50A7-4CEC-95D6-143B44581849}.ChekIn|Any CPU.Build.0 = Debug|Any CPU
		{182DD9F7-50A7-4CEC-95D6-143B44581849}.Debug|Any CPU.ActiveCfg = Debug|Any CPU
		{182DD9F7-50A7-4CEC-95D6-143B44581849}.Debug|Any CPU.Build.0 = Debug|Any CPU
		{182DD9F7-50A7-4CEC-95D6-143B44581849}.Release|Any CPU.ActiveCfg = Release|Any CPU
		{182DD9F7-50A7-4CEC-95D6-143B44581849}.Release|Any CPU.Build.0 = Release|Any CPU
		{D9FE614E-3197-499A-B0EE-E58D600F9A6A}.ChekIn|Any CPU.ActiveCfg = Debug|Any CPU
		{D9FE614E-3197-499A-B0EE-E58D600F9A6A}.ChekIn|Any CPU.Build.0 = Debug|Any CPU
		{D9FE614E-3197-499A-B0EE-E58D600F9A6A}.Debug|Any CPU.ActiveCfg = Debug|Any CPU
		{D9FE614E-3197-499A-B0EE-E58D600F9A6A}.Debug|Any CPU.Build.0 = Debug|Any CPU
		{D9FE614E-3197-499A-B0EE-E58D600F9A6A}.Release|Any CPU.ActiveCfg = Release|Any CPU
		{D9FE614E-3197-499A-B0EE-E58D600F9A6A}.Release|Any CPU.Build.0 = Release|Any CPU
		{39C96BA4-CC83-44F3-999D-9DEEA9FF51AD}.ChekIn|Any CPU.ActiveCfg = Debug|Any CPU
		{39C96BA4-CC83-44F3-999D-9DEEA9FF51AD}.ChekIn|Any CPU.Build.0 = Debug|Any CPU
		{39C96BA4-CC83-44F3-999D-9DEEA9FF51AD}.Debug|Any CPU.ActiveCfg = Debug|Any CPU
		{39C96BA4-CC83-44F3-999D-9DEEA9FF51AD}.Debug|Any CPU.Build.0 = Debug|Any CPU
		{39C96BA4-CC83-44F3-999D-9DEEA9FF51AD}.Release|Any CPU.ActiveCfg = Release|Any CPU
		{39C96BA4-CC83-44F3-999D-9DEEA9FF51AD}.Release|Any CPU.Build.0 = Release|Any CPU
		{B32140A8-E686-4127-8807-F54B7CD4434E}.ChekIn|Any CPU.ActiveCfg = Debug|Any CPU
		{B32140A8-E686-4127-8807-F54B7CD4434E}.ChekIn|Any CPU.Build.0 = Debug|Any CPU
		{B32140A8-E686-4127-8807-F54B7CD4434E}.Debug|Any CPU.ActiveCfg = Debug|Any CPU
		{B32140A8-E686-4127-8807-F54B7CD4434E}.Debug|Any CPU.Build.0 = Debug|Any CPU
		{B32140A8-E686-4127-8807-F54B7CD4434E}.Release|Any CPU.ActiveCfg = Release|Any CPU
		{B32140A8-E686-4127-8807-F54B7CD4434E}.Release|Any CPU.Build.0 = Release|Any CPU
		{4130BD83-4945-4AFF-B8A0-BF2EE690C37D}.ChekIn|Any CPU.ActiveCfg = Debug|Any CPU
		{4130BD83-4945-4AFF-B8A0-BF2EE690C37D}.ChekIn|Any CPU.Build.0 = Debug|Any CPU
		{4130BD83-4945-4AFF-B8A0-BF2EE690C37D}.Debug|Any CPU.ActiveCfg = Debug|Any CPU
		{4130BD83-4945-4AFF-B8A0-BF2EE690C37D}.Debug|Any CPU.Build.0 = Debug|Any CPU
		{4130BD83-4945-4AFF-B8A0-BF2EE690C37D}.Release|Any CPU.ActiveCfg = Release|Any CPU
		{4130BD83-4945-4AFF-B8A0-BF2EE690C37D}.Release|Any CPU.Build.0 = Release|Any CPU
	EndGlobalSection
	GlobalSection(SolutionProperties) = preSolution
		HideSolutionNode = FALSE
	EndGlobalSection
	GlobalSection(ExtensibilityGlobals) = postSolution
		SolutionGuid = {0BF21AD1-98CB-46EA-B959-A23D5C34EC12}
	EndGlobalSection
EndGlobal
