
Microsoft Visual Studio Solution File, Format Version 12.00
# Visual Studio Version 17
VisualStudioVersion = 17.10.35122.118
MinimumVisualStudioVersion = 10.0.40219.1
Project("{FAE04EC0-301F-11D3-BF4B-00C04F79EFBC}") = "Practice5_3", "Practice5_3.csproj", "{27D6402F-4026-4600-962D-2172BDD84131}"
EndProject
Global
	GlobalSection(SolutionConfigurationPlatforms) = preSolution
		Debug|Any CPU = Debug|Any CPU
		Release|Any CPU = Release|Any CPU
	EndGlobalSection
	GlobalSection(ProjectConfigurationPlatforms) = postSolution
		{27D6402F-4026-4600-962D-2172BDD84131}.Debug|Any CPU.ActiveCfg = Debug|Any CPU
		{27D6402F-4026-4600-962D-2172BDD84131}.Debug|Any CPU.Build.0 = Debug|Any CPU
		{27D6402F-4026-4600-962D-2172BDD84131}.Release|Any CPU.ActiveCfg = Release|Any CPU
		{27D6402F-4026-4600-962D-2172BDD84131}.Release|Any CPU.Build.0 = Release|Any CPU
	EndGlobalSection
	GlobalSection(SolutionProperties) = preSolution
		HideSolutionNode = FALSE
	EndGlobalSection
	GlobalSection(ExtensibilityGlobals) = postSolution
		SolutionGuid = {E656E2FA-D250-4425-8CE8-A6C25499625D}
	EndGlobalSection
EndGlobal
